
Microsoft Visual Studio Solution File, Format Version 12.00
# Visual Studio Version 17
VisualStudioVersion = 17.11.35222.181
MinimumVisualStudioVersion = 10.0.40219.1
Project("{FAE04EC0-301F-11D3-BF4B-00C04F79EFBC}") = "Lifo", "Lifo\Lifo.csproj", "{EBA2EAB6-4C71-4583-B9B1-576540918D93}"
EndProject
Global
	GlobalSection(SolutionConfigurationPlatforms) = preSolution
		Debug|Any CPU = Debug|Any CPU
		Release|Any CPU = Release|Any CPU
	EndGlobalSection
	GlobalSection(ProjectConfigurationPlatforms) = postSolution
		{EBA2EAB6-4C71-4583-B9B1-576540918D93}.Debug|Any CPU.ActiveCfg = Debug|Any CPU
		{EBA2EAB6-4C71-4583-B9B1-576540918D93}.Debug|Any CPU.Build.0 = Debug|Any CPU
		{EBA2EAB6-4C71-4583-B9B1-576540918D93}.Release|Any CPU.ActiveCfg = Release|Any CPU
		{EBA2EAB6-4C71-4583-B9B1-576540918D93}.Release|Any CPU.Build.0 = Release|Any CPU
	EndGlobalSection
	GlobalSection(SolutionProperties) = preSolution
		HideSolutionNode = FALSE
	EndGlobalSection
	GlobalSection(ExtensibilityGlobals) = postSolution
		SolutionGuid = {94DB8143-D1D4-4DAA-802C-8EE855BBFAE3}
	EndGlobalSection
EndGlobal
